// !$*UTF8*$!
{
	archiveVersion = 1;
	classes = {
	};
	objectVersion = 48;
	objects = {

/* Begin PBXBuildFile section */
		535EFE3F1FC9B80900A5DA77 /* AppDelegate.m in Sources */ = {isa = PBXBuildFile; fileRef = 535EFE3E1FC9B80900A5DA77 /* AppDelegate.m */; };
		535EFE421FC9B80900A5DA77 /* ViewController.m in Sources */ = {isa = PBXBuildFile; fileRef = 535EFE411FC9B80900A5DA77 /* ViewController.m */; };
		535EFE451FC9B80900A5DA77 /* Main.storyboard in Resources */ = {isa = PBXBuildFile; fileRef = 535EFE431FC9B80900A5DA77 /* Main.storyboard */; };
		535EFE471FC9B80900A5DA77 /* Assets.xcassets in Resources */ = {isa = PBXBuildFile; fileRef = 535EFE461FC9B80900A5DA77 /* Assets.xcassets */; };
		535EFE4A1FC9B80900A5DA77 /* LaunchScreen.storyboard in Resources */ = {isa = PBXBuildFile; fileRef = 535EFE481FC9B80900A5DA77 /* LaunchScreen.storyboard */; };
		535EFE4D1FC9B80900A5DA77 /* main.m in Sources */ = {isa = PBXBuildFile; fileRef = 535EFE4C1FC9B80900A5DA77 /* main.m */; };
		535EFE551FC9B81B00A5DA77 /* PSUIToolControl.m in Sources */ = {isa = PBXBuildFile; fileRef = 535EFE541FC9B81B00A5DA77 /* PSUIToolControl.m */; };
/* End PBXBuildFile section */

/* Begin PBXFileReference section */
		535EFE3A1FC9B80900A5DA77 /* PSUIToolControl.app */ = {isa = PBXFileReference; explicitFileType = wrapper.application; includeInIndex = 0; path = PSUIToolControl.app; sourceTree = BUILT_PRODUCTS_DIR; };
		535EFE3D1FC9B80900A5DA77 /* AppDelegate.h */ = {isa = PBXFileReference; lastKnownFileType = sourcecode.c.h; path = AppDelegate.h; sourceTree = "<group>"; };
		535EFE3E1FC9B80900A5DA77 /* AppDelegate.m */ = {isa = PBXFileReference; lastKnownFileType = sourcecode.c.objc; path = AppDelegate.m; sourceTree = "<group>"; };
		535EFE401FC9B80900A5DA77 /* ViewController.h */ = {isa = PBXFileReference; lastKnownFileType = sourcecode.c.h; path = ViewController.h; sourceTree = "<group>"; };
		535EFE411FC9B80900A5DA77 /* ViewController.m */ = {isa = PBXFileReference; lastKnownFileType = sourcecode.c.objc; path = ViewController.m; sourceTree = "<group>"; };
		535EFE441FC9B80900A5DA77 /* Base */ = {isa = PBXFileReference; lastKnownFileType = file.storyboard; name = Base; path = Base.lproj/Main.storyboard; sourceTree = "<group>"; };
		535EFE461FC9B80900A5DA77 /* Assets.xcassets */ = {isa = PBXFileReference; lastKnownFileType = folder.assetcatalog; path = Assets.xcassets; sourceTree = "<group>"; };
		535EFE491FC9B80900A5DA77 /* Base */ = {isa = PBXFileReference; lastKnownFileType = file.storyboard; name = Base; path = Base.lproj/LaunchScreen.storyboard; sourceTree = "<group>"; };
		535EFE4B1FC9B80900A5DA77 /* Info.plist */ = {isa = PBXFileReference; lastKnownFileType = text.plist.xml; path = Info.plist; sourceTree = "<group>"; };
		535EFE4C1FC9B80900A5DA77 /* main.m */ = {isa = PBXFileReference; lastKnownFileType = sourcecode.c.objc; path = main.m; sourceTree = "<group>"; };
		535EFE531FC9B81B00A5DA77 /* PSUIToolControl.h */ = {isa = PBXFileReference; lastKnownFileType = sourcecode.c.h; path = PSUIToolControl.h; sourceTree = "<group>"; };
		535EFE541FC9B81B00A5DA77 /* PSUIToolControl.m */ = {isa = PBXFileReference; lastKnownFileType = sourcecode.c.objc; path = PSUIToolControl.m; sourceTree = "<group>"; };
/* End PBXFileReference section */

/* Begin PBXFrameworksBuildPhase section */
		535EFE371FC9B80900A5DA77 /* Frameworks */ = {
			isa = PBXFrameworksBuildPhase;
			buildActionMask = 2147483647;
			files = (
			);
			runOnlyForDeploymentPostprocessing = 0;
		};
/* End PBXFrameworksBuildPhase section */

/* Begin PBXGroup section */
		535EFE311FC9B80900A5DA77 = {
			isa = PBXGroup;
			children = (
				535EFE3C1FC9B80900A5DA77 /* PSUIToolControl */,
				535EFE3B1FC9B80900A5DA77 /* Products */,
			);
			sourceTree = "<group>";
		};
		535EFE3B1FC9B80900A5DA77 /* Products */ = {
			isa = PBXGroup;
			children = (
				535EFE3A1FC9B80900A5DA77 /* PSUIToolControl.app */,
			);
			name = Products;
			sourceTree = "<group>";
		};
		535EFE3C1FC9B80900A5DA77 /* PSUIToolControl */ = {
			isa = PBXGroup;
			children = (
				535EFE3D1FC9B80900A5DA77 /* AppDelegate.h */,
				535EFE3E1FC9B80900A5DA77 /* AppDelegate.m */,
				535EFE401FC9B80900A5DA77 /* ViewController.h */,
				535EFE411FC9B80900A5DA77 /* ViewController.m */,
				535EFE531FC9B81B00A5DA77 /* PSUIToolControl.h */,
				535EFE541FC9B81B00A5DA77 /* PSUIToolControl.m */,
				535EFE431FC9B80900A5DA77 /* Main.storyboard */,
				535EFE461FC9B80900A5DA77 /* Assets.xcassets */,
				535EFE481FC9B80900A5DA77 /* LaunchScreen.storyboard */,
				535EFE4B1FC9B80900A5DA77 /* Info.plist */,
				535EFE4C1FC9B80900A5DA77 /* main.m */,
			);
			path = PSUIToolControl;
			sourceTree = "<group>";
		};
/* End PBXGroup section */

/* Begin PBXNativeTarget section */
		535EFE391FC9B80900A5DA77 /* PSUIToolControl */ = {
			isa = PBXNativeTarget;
			buildConfigurationList = 535EFE501FC9B80900A5DA77 /* Build configuration list for PBXNativeTarget "PSUIToolControl" */;
			buildPhases = (
				535EFE361FC9B80900A5DA77 /* Sources */,
				535EFE371FC9B80900A5DA77 /* Frameworks */,
				535EFE381FC9B80900A5DA77 /* Resources */,
			);
			buildRules = (
			);
			dependencies = (
			);
			name = PSUIToolControl;
			productName = PSUIToolControl;
			productReference = 535EFE3A1FC9B80900A5DA77 /* PSUIToolControl.app */;
			productType = "com.apple.product-type.application";
		};
/* End PBXNativeTarget section */

/* Begin PBXProject section */
		535EFE321FC9B80900A5DA77 /* Project object */ = {
			isa = PBXProject;
			attributes = {
				LastUpgradeCheck = 0910;
				ORGANIZATIONNAME = wangjungang;
				TargetAttributes = {
					535EFE391FC9B80900A5DA77 = {
						CreatedOnToolsVersion = 9.1;
						ProvisioningStyle = Automatic;
					};
				};
			};
			buildConfigurationList = 535EFE351FC9B80900A5DA77 /* Build configuration list for PBXProject "PSUIToolControl" */;
			compatibilityVersion = "Xcode 8.0";
			developmentRegion = en;
			hasScannedForEncodings = 0;
			knownRegions = (
				en,
				Base,
			);
			mainGroup = 535EFE311FC9B80900A5DA77;
			productRefGroup = 535EFE3B1FC9B80900A5DA77 /* Products */;
			projectDirPath = "";
			projectRoot = "";
			targets = (
				535EFE391FC9B80900A5DA77 /* PSUIToolControl */,
			);
		};
/* End PBXProject section */

/* Begin PBXResourcesBuildPhase section */
		535EFE381FC9B80900A5DA77 /* Resources */ = {
			isa = PBXResourcesBuildPhase;
			buildActionMask = 2147483647;
			files = (
				535EFE4A1FC9B80900A5DA77 /* LaunchScreen.storyboard in Resources */,
				535EFE471FC9B80900A5DA77 /* Assets.xcassets in Resources */,
				535EFE451FC9B80900A5DA77 /* Main.storyboard in Resources */,
			);
			runOnlyForDeploymentPostprocessing = 0;
		};
/* End PBXResourcesBuildPhase section */

/* Begin PBXSourcesBuildPhase section */
		535EFE361FC9B80900A5DA77 /* Sources */ = {
			isa = PBXSourcesBuildPhase;
			buildActionMask = 2147483647;
			files = (
				535EFE551FC9B81B00A5DA77 /* PSUIToolControl.m in Sources */,
				535EFE421FC9B80900A5DA77 /* ViewController.m in Sources */,
				535EFE4D1FC9B80900A5DA77 /* main.m in Sources */,
				535EFE3F1FC9B80900A5DA77 /* AppDelegate.m in Sources */,
			);
			runOnlyForDeploymentPostprocessing = 0;
		};
/* End PBXSourcesBuildPhase section */

/* Begin PBXVariantGroup section */
		535EFE431FC9B80900A5DA77 /* Main.storyboard */ = {
			isa = PBXVariantGroup;
			children = (
				535EFE441FC9B80900A5DA77 /* Base */,
			);
			name = Main.storyboard;
			sourceTree = "<group>";
		};
		535EFE481FC9B80900A5DA77 /* LaunchScreen.storyboard */ = {
			isa = PBXVariantGroup;
			children = (
				535EFE491FC9B80900A5DA77 /* Base */,
			);
			name = LaunchScreen.storyboard;
			sourceTree = "<group>";
		};
/* End PBXVariantGroup section */

/* Begin XCBuildConfiguration section */
		535EFE4E1FC9B80900A5DA77 /* Debug */ = {
			isa = XCBuildConfiguration;
			buildSettings = {
				ALWAYS_SEARCH_USER_PATHS = NO;
				CLANG_ANALYZER_NONNULL = YES;
				CLANG_ANALYZER_NUMBER_OBJECT_CONVERSION = YES_AGGRESSIVE;
				CLANG_CXX_LANGUAGE_STANDARD = "gnu++14";
				CLANG_CXX_LIBRARY = "libc++";
				CLANG_ENABLE_MODULES = YES;
				CLANG_ENABLE_OBJC_ARC = YES;
				CLANG_WARN_BLOCK_CAPTURE_AUTORELEASING = YES;
				CLANG_WARN_BOOL_CONVERSION = YES;
				CLANG_WARN_COMMA = YES;
				CLANG_WARN_CONSTANT_CONVERSION = YES;
				CLANG_WARN_DIRECT_OBJC_ISA_USAGE = YES_ERROR;
				CLANG_WARN_DOCUMENTATION_COMMENTS = YES;
				CLANG_WARN_EMPTY_BODY = YES;
				CLANG_WARN_ENUM_CONVERSION = YES;
				CLANG_WARN_INFINITE_RECURSION = YES;
				CLANG_WARN_INT_CONVERSION = YES;
				CLANG_WARN_NON_LITERAL_NULL_CONVERSION = YES;
				CLANG_WARN_OBJC_LITERAL_CONVERSION = YES;
				CLANG_WARN_OBJC_ROOT_CLASS = YES_ERROR;
				CLANG_WARN_RANGE_LOOP_ANALYSIS = YES;
				CLANG_WARN_STRICT_PROTOTYPES = YES;
				CLANG_WARN_SUSPICIOUS_MOVE = YES;
				CLANG_WARN_UNGUARDED_AVAILABILITY = YES_AGGRESSIVE;
				CLANG_WARN_UNREACHABLE_CODE = YES;
				CLANG_WARN__DUPLICATE_METHOD_MATCH = YES;
				CODE_SIGN_IDENTITY = "iPhone Developer";
				COPY_PHASE_STRIP = NO;
				DEBUG_INFORMATION_FORMAT = dwarf;
				ENABLE_STRICT_OBJC_MSGSEND = YES;
				ENABLE_TESTABILITY = YES;
				GCC_C_LANGUAGE_STANDARD = gnu11;
				GCC_DYNAMIC_NO_PIC = NO;
				GCC_NO_COMMON_BLOCKS = YES;
				GCC_OPTIMIZATION_LEVEL = 0;
				GCC_PREPROCESSOR_DEFINITIONS = (
					"DEBUG=1",
					"$(inherited)",
				);
				GCC_WARN_64_TO_32_BIT_CONVERSION = YES;
				GCC_WARN_ABOUT_RETURN_TYPE = YES_ERROR;
				GCC_WARN_UNDECLARED_SELECTOR = YES;
				GCC_WARN_UNINITIALIZED_AUTOS = YES_AGGRESSIVE;
				GCC_WARN_UNUSED_FUNCTION = YES;
				GCC_WARN_UNUSED_VARIABLE = YES;
				IPHONEOS_DEPLOYMENT_TARGET = 11.1;
				MTL_ENABLE_DEBUG_INFO = YES;
				ONLY_ACTIVE_ARCH = YES;
				SDKROOT = iphoneos;
			};
			name = Debug;
		};
		535EFE4F1FC9B80900A5DA77 /* Release */ = {
			isa = XCBuildConfiguration;
			buildSettings = {
				ALWAYS_SEARCH_USER_PATHS = NO;
				CLANG_ANALYZER_NONNULL = YES;
				CLANG_ANALYZER_NUMBER_OBJECT_CONVERSION = YES_AGGRESSIVE;
				CLANG_CXX_LANGUAGE_STANDARD = "gnu++14";
				CLANG_CXX_LIBRARY = "libc++";
				CLANG_ENABLE_MODULES = YES;
				CLANG_ENABLE_OBJC_ARC = YES;
				CLANG_WARN_BLOCK_CAPTURE_AUTORELEASING = YES;
				CLANG_WARN_BOOL_CONVERSION = YES;
				CLANG_WARN_COMMA = YES;
				CLANG_WARN_CONSTANT_CONVERSION = YES;
				CLANG_WARN_DIRECT_OBJC_ISA_USAGE = YES_ERROR;
				CLANG_WARN_DOCUMENTATION_COMMENTS = YES;
				CLANG_WARN_EMPTY_BODY = YES;
				CLANG_WARN_ENUM_CONVERSION = YES;
				CLANG_WARN_INFINITE_RECURSION = YES;
				CLANG_WARN_INT_CONVERSION = YES;
				CLANG_WARN_NON_LITERAL_NULL_CONVERSION = YES;
				CLANG_WARN_OBJC_LITERAL_CONVERSION = YES;
				CLANG_WARN_OBJC_ROOT_CLASS = YES_ERROR;
				CLANG_WARN_RANGE_LOOP_ANALYSIS = YES;
				CLANG_WARN_STRICT_PROTOTYPES = YES;
				CLANG_WARN_SUSPICIOUS_MOVE = YES;
				CLANG_WARN_UNGUARDED_AVAILABILITY = YES_AGGRESSIVE;
				CLANG_WARN_UNREACHABLE_CODE = YES;
				CLANG_WARN__DUPLICATE_METHOD_MATCH = YES;
				CODE_SIGN_IDENTITY = "iPhone Developer";
				COPY_PHASE_STRIP = NO;
				DEBUG_INFORMATION_FORMAT = "dwarf-with-dsym";
				ENABLE_NS_ASSERTIONS = NO;
				ENABLE_STRICT_OBJC_MSGSEND = YES;
				GCC_C_LANGUAGE_STANDARD = gnu11;
				GCC_NO_COMMON_BLOCKS = YES;
				GCC_WARN_64_TO_32_BIT_CONVERSION = YES;
				GCC_WARN_ABOUT_RETURN_TYPE = YES_ERROR;
				GCC_WARN_UNDECLARED_SELECTOR = YES;
				GCC_WARN_UNINITIALIZED_AUTOS = YES_AGGRESSIVE;
				GCC_WARN_UNUSED_FUNCTION = YES;
				GCC_WARN_UNUSED_VARIABLE = YES;
				IPHONEOS_DEPLOYMENT_TARGET = 11.1;
				MTL_ENABLE_DEBUG_INFO = NO;
				SDKROOT = iphoneos;
				VALIDATE_PRODUCT = YES;
			};
			name = Release;
		};
		535EFE511FC9B80900A5DA77 /* Debug */ = {
			isa = XCBuildConfiguration;
			buildSettings = {
				ASSETCATALOG_COMPILER_APPICON_NAME = AppIcon;
				CODE_SIGN_STYLE = Automatic;
				DEVELOPMENT_TEAM = NNWJGVKRJE;
				INFOPLIST_FILE = PSUIToolControl/Info.plist;
				LD_RUNPATH_SEARCH_PATHS = "$(inherited) @executable_path/Frameworks";
				PRODUCT_BUNDLE_IDENTIFIER = com.wangjungang.PSUIToolControl;
				PRODUCT_NAME = "$(TARGET_NAME)";
				TARGETED_DEVICE_FAMILY = "1,2";
			};
			name = Debug;
		};
		535EFE521FC9B80900A5DA77 /* Release */ = {
			isa = XCBuildConfiguration;
			buildSettings = {
				ASSETCATALOG_COMPILER_APPICON_NAME = AppIcon;
				CODE_SIGN_STYLE = Automatic;
				DEVELOPMENT_TEAM = NNWJGVKRJE;
				INFOPLIST_FILE = PSUIToolControl/Info.plist;
				LD_RUNPATH_SEARCH_PATHS = "$(inherited) @executable_path/Frameworks";
				PRODUCT_BUNDLE_IDENTIFIER = com.wangjungang.PSUIToolControl;
				PRODUCT_NAME = "$(TARGET_NAME)";
				TARGETED_DEVICE_FAMILY = "1,2";
			};
			name = Release;
		};
/* End XCBuildConfiguration section */

/* Begin XCConfigurationList section */
		535EFE351FC9B80900A5DA77 /* Build configuration list for PBXProject "PSUIToolControl" */ = {
			isa = XCConfigurationList;
			buildConfigurations = (
				535EFE4E1FC9B80900A5DA77 /* Debug */,
				535EFE4F1FC9B80900A5DA77 /* Release */,
			);
			defaultConfigurationIsVisible = 0;
			defaultConfigurationName = Release;
		};
		535EFE501FC9B80900A5DA77 /* Build configuration list for PBXNativeTarget "PSUIToolControl" */ = {
			isa = XCConfigurationList;
			buildConfigurations = (
				535EFE511FC9B80900A5DA77 /* Debug */,
				535EFE521FC9B80900A5DA77 /* Release */,
			);
			defaultConfigurationIsVisible = 0;
			defaultConfigurationName = Release;
		};
/* End XCConfigurationList section */
	};
	rootObject = 535EFE321FC9B80900A5DA77 /* Project object */;
}
